# THIS IS AN AUTOGENERATED FILE. DO NOT EDIT THIS FILE DIRECTLY.
# yarn lockfile v1


"@ckeditor/ckeditor5-adapter-ckfinder@^35.0.1":
  version "35.0.1"
  resolved "https://registry.yarnpkg.com/@ckeditor/ckeditor5-adapter-ckfinder/-/ckeditor5-adapter-ckfinder-35.0.1.tgz#a0be1ea6ae4a2b97409cdfe4dd99a8c167483ab8"
  integrity sha512-TASf7EnSw0ndTwTGWUBsFz9lZpQvXeEv/8icGwwBOlDe5arj/v4Xk9kqyWysXi6Mv/PTEpVEXV8xrAPX7oHpbg==
  dependencies:
    ckeditor5 "^35.0.1"

"@ckeditor/ckeditor5-autoformat@^35.0.1":
  version "35.0.1"
  resolved "https://registry.yarnpkg.com/@ckeditor/ckeditor5-autoformat/-/ckeditor5-autoformat-35.0.1.tgz#37303c8ac9f0112218d48e1f632b32858eb738c1"
  integrity sha512-Q/dWKR3IASmlSRC7GY14hWJ6t1alKG5+9gPvGfF2qQhvKYkGdUEdvhiUs2xcvRuIOzR4nszYvy9Kj9j+NReBRQ==
  dependencies:
    ckeditor5 "^35.0.1"

"@ckeditor/ckeditor5-basic-styles@^35.0.1":
  version "35.0.1"
  resolved "https://registry.yarnpkg.com/@ckeditor/ckeditor5-basic-styles/-/ckeditor5-basic-styles-35.0.1.tgz#1103152308e46bd8d40c1f55ae60974b81474427"
  integrity sha512-Srg5Kbb5Gux+xTu24Wp+R/NbFUTM36bU/hgxSzfERvQgeDAp7TMdf2O/BCLrm6aTVHowgnUOFsH5PgnuG+rxsQ==
  dependencies:
    ckeditor5 "^35.0.1"

"@ckeditor/ckeditor5-block-quote@^35.0.1":
  version "35.0.1"
  resolved "https://registry.yarnpkg.com/@ckeditor/ckeditor5-block-quote/-/ckeditor5-block-quote-35.0.1.tgz#875f92dddbb4e93ac588ea259ff7700d3ddcc652"
  integrity sha512-s4ef9M/1SHAT2e0nK3AHSWmN8CpK5VUfYBa5hXey8QycTaLVxAbOs+jxki6+KJHlozikJ+BxXNj03CWROrR/Tw==
  dependencies:
    ckeditor5 "^35.0.1"

"@ckeditor/ckeditor5-build-classic@^35.0.1":
  version "35.0.1"
  resolved "https://registry.yarnpkg.com/@ckeditor/ckeditor5-build-classic/-/ckeditor5-build-classic-35.0.1.tgz#45ec99a835bcb34601a31ccb0e695bebe8914e66"
  integrity sha512-CCkUe0kMfcTP5ctPO8VPC6tJFJsQOGeGi+Dw/YhOy02AYOPU/CVXiyGMVaJoF1V3InfuC/DGV2mx0cpNeP9Wvg==
  dependencies:
    "@ckeditor/ckeditor5-adapter-ckfinder" "^35.0.1"
    "@ckeditor/ckeditor5-autoformat" "^35.0.1"
    "@ckeditor/ckeditor5-basic-styles" "^35.0.1"
    "@ckeditor/ckeditor5-block-quote" "^35.0.1"
    "@ckeditor/ckeditor5-ckbox" "^35.0.1"
    "@ckeditor/ckeditor5-ckfinder" "^35.0.1"
    "@ckeditor/ckeditor5-cloud-services" "^35.0.1"
    "@ckeditor/ckeditor5-easy-image" "^35.0.1"
    "@ckeditor/ckeditor5-editor-classic" "^35.0.1"
    "@ckeditor/ckeditor5-essentials" "^35.0.1"
    "@ckeditor/ckeditor5-heading" "^35.0.1"
    "@ckeditor/ckeditor5-image" "^35.0.1"
    "@ckeditor/ckeditor5-indent" "^35.0.1"
    "@ckeditor/ckeditor5-link" "^35.0.1"
    "@ckeditor/ckeditor5-list" "^35.0.1"
    "@ckeditor/ckeditor5-media-embed" "^35.0.1"
    "@ckeditor/ckeditor5-paragraph" "^35.0.1"
    "@ckeditor/ckeditor5-paste-from-office" "^35.0.1"
    "@ckeditor/ckeditor5-table" "^35.0.1"
    "@ckeditor/ckeditor5-typing" "^35.0.1"

"@ckeditor/ckeditor5-ckbox@^35.0.1":
  version "35.0.1"
  resolved "https://registry.yarnpkg.com/@ckeditor/ckeditor5-ckbox/-/ckeditor5-ckbox-35.0.1.tgz#1749228ec60c6659ab4f6da7a21b4edcb3b8af80"
  integrity sha512-E0lYBPBMsOjYqEtBVlx6H47dHnnz9fcS6DvvXKs1Je8OKQNcEf/N8akGoD1lOx6E9C5zTrCln7UdY2JcIQhy+w==
  dependencies:
    ckeditor5 "^35.0.1"

"@ckeditor/ckeditor5-ckfinder@^35.0.1":
  version "35.0.1"
  resolved "https://registry.yarnpkg.com/@ckeditor/ckeditor5-ckfinder/-/ckeditor5-ckfinder-35.0.1.tgz#51448f492876f43eb1b9ab61f5c5827201182ac7"
  integrity sha512-Cy+esbIxhWJvEpls+FqNLqukQ6RKbFhqJPOfno6K9ePITImSu5H0bAMYYFgdiIQVduMuJzlpOrbUCJiU13GKFg==
  dependencies:
    ckeditor5 "^35.0.1"

"@ckeditor/ckeditor5-clipboard@^35.0.1":
  version "35.0.1"
  resolved "https://registry.yarnpkg.com/@ckeditor/ckeditor5-clipboard/-/ckeditor5-clipboard-35.0.1.tgz#67ff75947f9d2b00361e20a7f9494fb6a7e93717"
  integrity sha512-XHBnR+v+GLXondSrJdpTLT3++0++Ja5gNC2zKdpDx6ykayQVYF0Nry+XoXbbzffnXYnRrWzo++r32ngW39rFUQ==
  dependencies:
    "@ckeditor/ckeditor5-core" "^35.0.1"
    "@ckeditor/ckeditor5-engine" "^35.0.1"
    "@ckeditor/ckeditor5-utils" "^35.0.1"
    "@ckeditor/ckeditor5-widget" "^35.0.1"
    lodash-es "^4.17.11"

"@ckeditor/ckeditor5-cloud-services@^35.0.1":
  version "35.0.1"
  resolved "https://registry.yarnpkg.com/@ckeditor/ckeditor5-cloud-services/-/ckeditor5-cloud-services-35.0.1.tgz#6dbe7097a494acf55ed4923dabfa6d1af1942928"
  integrity sha512-/GXmhQ8/NHXv3V1Oh1MA/x9uKj1PrmC4CglE33mB9JfcL+y7gY0gRRjFykDXlijNhp5Ro1Av9OnHimXRHLYCUg==
  dependencies:
    ckeditor5 "^35.0.1"

"@ckeditor/ckeditor5-core@^35.0.1":
  version "35.0.1"
  resolved "https://registry.yarnpkg.com/@ckeditor/ckeditor5-core/-/ckeditor5-core-35.0.1.tgz#a189bafc643e7ef995bbf6fa33925a37c3bbe166"
  integrity sha512-yLX4WwyKjBbgINfl3wB8nyAtxclmP8FBVWunnHZ+YBq6KryB0uWcplP1Nomz/3uyask6k2YN/rSY0Lu9xJ9uyQ==
  dependencies:
    "@ckeditor/ckeditor5-engine" "^35.0.1"
    "@ckeditor/ckeditor5-ui" "^35.0.1"
    "@ckeditor/ckeditor5-utils" "^35.0.1"
    lodash-es "^4.17.15"

"@ckeditor/ckeditor5-easy-image@^35.0.1":
  version "35.0.1"
  resolved "https://registry.yarnpkg.com/@ckeditor/ckeditor5-easy-image/-/ckeditor5-easy-image-35.0.1.tgz#fb2eb7e245814af61cddf91ab7b77c8ca7366bfc"
  integrity sha512-KVxc5MTkn+iSRKm8aUEilqAvwQnPQrpSUpvi13bgVIt/ueGQ/uCOYQRSEaCZbs9HWfEv/f/Q+WZ5hB+ocW57vg==
  dependencies:
    ckeditor5 "^35.0.1"

"@ckeditor/ckeditor5-editor-classic@^35.0.1":
  version "35.0.1"
  resolved "https://registry.yarnpkg.com/@ckeditor/ckeditor5-editor-classic/-/ckeditor5-editor-classic-35.0.1.tgz#a62e48ff7d9e55ea3c8188507e122ea130d8e31b"
  integrity sha512-74fqF3ACRkFAd/sqQkG+Hq9zTXnBc1DlhQxGl6VRisuEbC9435qNucpEowxUb1DGeuvqv3tOzQbsJkbggx2NBQ==
  dependencies:
    ckeditor5 "^35.0.1"
    lodash-es "^4.17.15"

"@ckeditor/ckeditor5-engine@^35.0.1":
  version "35.0.1"
  resolved "https://registry.yarnpkg.com/@ckeditor/ckeditor5-engine/-/ckeditor5-engine-35.0.1.tgz#6d030fe797fc9955f81d826b355731d548f6b107"
  integrity sha512-Jz1sEBnFr06a1ezOqTbydClp9GgK/YL1CyvilCYIOoRiMevr1XMR3slsJCXC8AmHAcDn+PtxSniw+CREFZaTAA==
  dependencies:
    "@ckeditor/ckeditor5-utils" "^35.0.1"
    lodash-es "^4.17.15"

"@ckeditor/ckeditor5-enter@^35.0.1":
  version "35.0.1"
  resolved "https://registry.yarnpkg.com/@ckeditor/ckeditor5-enter/-/ckeditor5-enter-35.0.1.tgz#9b9f1b6bde08cab0bd64abf14b787f0767c819ba"
  integrity sha512-vNJzom2pSWyYrPk+VYjeSOBBeVI0B3P+DW1Vwyd3HfB1NKB7zU6T+7ByWwhvzdsv5xovzB+6X066lmUSV+W1fw==
  dependencies:
    "@ckeditor/ckeditor5-core" "^35.0.1"
    "@ckeditor/ckeditor5-engine" "^35.0.1"
    "@ckeditor/ckeditor5-utils" "^35.0.1"

"@ckeditor/ckeditor5-essentials@^35.0.1":
  version "35.0.1"
  resolved "https://registry.yarnpkg.com/@ckeditor/ckeditor5-essentials/-/ckeditor5-essentials-35.0.1.tgz#0461c49c1d097b6c271b1d1e066685e324af7f31"
  integrity sha512-uHfup2e2tETnuvJmHgey/JAYMdeK9eIe5VW2Ah4Q8Ndiu/Buajf+PFYWRFrnC8psaYyE3+vdHRwxV3SD/yZeKQ==
  dependencies:
    ckeditor5 "^35.0.1"

"@ckeditor/ckeditor5-heading@^35.0.1":
  version "35.0.1"
  resolved "https://registry.yarnpkg.com/@ckeditor/ckeditor5-heading/-/ckeditor5-heading-35.0.1.tgz#fa935527956a6675f44eb6b78a39a5b2941d94eb"
  integrity sha512-Rfc/Pa1EBQZIDFrLlL5HXx1gO3x0ZBq8DfeRlZ4Z6mRlOIzxU6Wj74qWsG6wauVJ1/KVVsghUN4zJ3U26SDaPQ==
  dependencies:
    ckeditor5 "^35.0.1"

"@ckeditor/ckeditor5-image@^35.0.1":
  version "35.0.1"
  resolved "https://registry.yarnpkg.com/@ckeditor/ckeditor5-image/-/ckeditor5-image-35.0.1.tgz#eb39f67c8c7e2bbbf828c623d51dbde29082fa07"
  integrity sha512-DQWe8b+wwBkoyXcV16EeZc1+FWoEXQo+/0N5lI5P0g7YYGTak9IGio+yPppyILOeW+U+nXQ3ZYIhOQo+T+3FnA==
  dependencies:
    "@ckeditor/ckeditor5-ui" "^35.0.1"
    ckeditor5 "^35.0.1"
    lodash-es "^4.17.15"

"@ckeditor/ckeditor5-indent@^35.0.1":
  version "35.0.1"
  resolved "https://registry.yarnpkg.com/@ckeditor/ckeditor5-indent/-/ckeditor5-indent-35.0.1.tgz#e308852c048d163697e56fca646400820a2569de"
  integrity sha512-omD5EmhxAVLDRwSiq91NvNDkytF7RixyQrKOLH3XJ3W/ZtK++1fMBF5fyc0DdZdmTJX7B/8cA4paXfI8xNiEhg==
  dependencies:
    ckeditor5 "^35.0.1"

"@ckeditor/ckeditor5-link@^35.0.1":
  version "35.0.1"
  resolved "https://registry.yarnpkg.com/@ckeditor/ckeditor5-link/-/ckeditor5-link-35.0.1.tgz#745b9e3fa4d8488712d83a3441d4c48b1d973f6f"
  integrity sha512-CJus1E3RvnkZ3VgEOsjYCvOePi/f+wlSZgRCrAD1IeUnjgzNMUMvAOO5QSeaR0CqqaBQcFoHRrVtCaBEIk21Yw==
  dependencies:
    "@ckeditor/ckeditor5-ui" "^35.0.1"
    ckeditor5 "^35.0.1"
    lodash-es "^4.17.15"

"@ckeditor/ckeditor5-list@^35.0.1":
  version "35.0.1"
  resolved "https://registry.yarnpkg.com/@ckeditor/ckeditor5-list/-/ckeditor5-list-35.0.1.tgz#256629b2b79ef4d475f95b07fe34b2f220a793b7"
  integrity sha512-8JaM+GILlTnJvKRJVcm+L7Wxo1lC179no6lfBV5Kyh+PRIWLiQi6gjX12AzRtFgn/tr/VKzfAKGaxf3etFPsFQ==
  dependencies:
    "@ckeditor/ckeditor5-ui" "^35.0.1"
    ckeditor5 "^35.0.1"

"@ckeditor/ckeditor5-media-embed@^35.0.1":
  version "35.0.1"
  resolved "https://registry.yarnpkg.com/@ckeditor/ckeditor5-media-embed/-/ckeditor5-media-embed-35.0.1.tgz#dbfbc1e30fd897d7ef413a52f456475889a88cd2"
  integrity sha512-SIypYAgSmRURy4OkOyrcHsaK5FObFt4bEmRUXIlIXcHZAyi1qxUnHic3RcS6a4D1RbFPbKLwb1hCf3rLqJdB6g==
  dependencies:
    "@ckeditor/ckeditor5-ui" "^35.0.1"
    ckeditor5 "^35.0.1"

"@ckeditor/ckeditor5-paragraph@^35.0.1":
  version "35.0.1"
  resolved "https://registry.yarnpkg.com/@ckeditor/ckeditor5-paragraph/-/ckeditor5-paragraph-35.0.1.tgz#ffe5d20297670ab7ba91a3f09c0b8f50de7e4a14"
  integrity sha512-Ga+LWrXKDg6OXyPxBIaemgEfAKJlE40155IKsaeBHYZEVkS7eoDyuB5I3wFsmi8MRDrLwg6GDrBJ8bo/tKqmTg==
  dependencies:
    "@ckeditor/ckeditor5-core" "^35.0.1"
    "@ckeditor/ckeditor5-ui" "^35.0.1"
    "@ckeditor/ckeditor5-utils" "^35.0.1"

"@ckeditor/ckeditor5-paste-from-office@^35.0.1":
  version "35.0.1"
  resolved "https://registry.yarnpkg.com/@ckeditor/ckeditor5-paste-from-office/-/ckeditor5-paste-from-office-35.0.1.tgz#4b315a364de9d627ab9fc810919b2d4ccf1a8162"
  integrity sha512-Fib3mlaRdBTyItOkPsvYB+0jW6DzsOEQ3hDuaMmx1Fz0DYPRG/XRQKjLPJcFGXpzIs4EedYHCb9P2M0dLaL5Ww==
  dependencies:
    ckeditor5 "^35.0.1"

"@ckeditor/ckeditor5-react@^5.0.2":
  version "5.0.2"
  resolved "https://registry.yarnpkg.com/@ckeditor/ckeditor5-react/-/ckeditor5-react-5.0.2.tgz#446518e1d7ce842c63fc6ac24e818cc78a753903"
  integrity sha512-pN4acvCAIsuXaZDMttqy4dNBKXiJ6AS6P8NM3ggMc/rQkMIPp3YPhDWWf+pyQLUiewj1Bfr5EFeBfcXPQTOn+Q==
  dependencies:
    prop-types "^15.7.2"

"@ckeditor/ckeditor5-select-all@^35.0.1":
  version "35.0.1"
  resolved "https://registry.yarnpkg.com/@ckeditor/ckeditor5-select-all/-/ckeditor5-select-all-35.0.1.tgz#6d8b5d11e82eafb1e9f69884847409639ed29f88"
  integrity sha512-I7oPF3LjL7etN1sxtpTshu47BGz6CNYHlLWcvPtU5QB+xvildQU1c5HboReufooZpYb8N898Zi8tHcd4/ij/8w==
  dependencies:
    "@ckeditor/ckeditor5-core" "^35.0.1"
    "@ckeditor/ckeditor5-ui" "^35.0.1"
    "@ckeditor/ckeditor5-utils" "^35.0.1"

"@ckeditor/ckeditor5-table@^35.0.1":
  version "35.0.1"
  resolved "https://registry.yarnpkg.com/@ckeditor/ckeditor5-table/-/ckeditor5-table-35.0.1.tgz#7a1a3c339cd3f74cf7024f15f772bd2c2a9877b5"
  integrity sha512-XKZHGn/MbLfxIqdaVKD62DfOBUKPV0MlKhfpc941LENOb2qhqvmixhdlde7vVi+0k1HzumRj1BQFUOVvncAEiA==
  dependencies:
    ckeditor5 "^35.0.1"
    lodash-es "^4.17.15"

"@ckeditor/ckeditor5-typing@^35.0.1":
  version "35.0.1"
  resolved "https://registry.yarnpkg.com/@ckeditor/ckeditor5-typing/-/ckeditor5-typing-35.0.1.tgz#ea0c008c0da728f51770e2b75bc9b2ef6be77913"
  integrity sha512-Yj3f8nv+iXsTxmnlTjFUk+Xcvd9OvtkFqsEgYdRA79TO71Gaigm2CLmi60wf39MtXc/hPCjhPSdvSk01CsNmQQ==
  dependencies:
    "@ckeditor/ckeditor5-core" "^35.0.1"
    "@ckeditor/ckeditor5-engine" "^35.0.1"
    "@ckeditor/ckeditor5-utils" "^35.0.1"
    lodash-es "^4.17.15"

"@ckeditor/ckeditor5-ui@^35.0.1":
  version "35.0.1"
  resolved "https://registry.yarnpkg.com/@ckeditor/ckeditor5-ui/-/ckeditor5-ui-35.0.1.tgz#3f7b12e7c2af4628afe21b5d41864e1471da7a73"
  integrity sha512-JFmHShOQ7tGDFKqH93Ba2U5sZQMOts0ho1OveHeaKpyG3mbsonBofWr/JacF/dpoNBi1pj8I7ssYR4bFVTwO+w==
  dependencies:
    "@ckeditor/ckeditor5-core" "^35.0.1"
    "@ckeditor/ckeditor5-utils" "^35.0.1"
    lodash-es "^4.17.15"

"@ckeditor/ckeditor5-undo@^35.0.1":
  version "35.0.1"
  resolved "https://registry.yarnpkg.com/@ckeditor/ckeditor5-undo/-/ckeditor5-undo-35.0.1.tgz#628e8fe89439760b9f158cef81f24d52d50fa640"
  integrity sha512-zmO4JXCSd9JMikvjDGSvD3a2dAnlvTWMk2D8PSx5tNTj+MBm6pAbhqimeVdCQheBpAFQjH56ywKFZcYXJsXukA==
  dependencies:
    "@ckeditor/ckeditor5-core" "^35.0.1"
    "@ckeditor/ckeditor5-engine" "^35.0.1"
    "@ckeditor/ckeditor5-ui" "^35.0.1"

"@ckeditor/ckeditor5-upload@^35.0.1":
  version "35.0.1"
  resolved "https://registry.yarnpkg.com/@ckeditor/ckeditor5-upload/-/ckeditor5-upload-35.0.1.tgz#82325b9f9c2d69d99dd69940960e39eaf4fa53c1"
  integrity sha512-h/a7KM/StexPhbwcdjoYz7pcU86QLhNUw9pNdogR4L4OXUeDd0c6V0YWqaqbMc3HtC+N2+5tePwiV4Aw0NalNg==
  dependencies:
    "@ckeditor/ckeditor5-core" "^35.0.1"
    "@ckeditor/ckeditor5-ui" "^35.0.1"
    "@ckeditor/ckeditor5-utils" "^35.0.1"

"@ckeditor/ckeditor5-utils@^35.0.1":
  version "35.0.1"
  resolved "https://registry.yarnpkg.com/@ckeditor/ckeditor5-utils/-/ckeditor5-utils-35.0.1.tgz#7dd71c93e9e9884309fdd448ea90d1ed0df81033"
  integrity sha512-H0ec3f963FpLPuLb58p4RbzkgiOYYNk7goNF4XVROZ4Vjf2dcGLJCDhUSHRBwz3cRL/zZ8a/f7HX/PBpYmnWlw==
  dependencies:
    lodash-es "^4.17.15"

"@ckeditor/ckeditor5-widget@^35.0.1":
  version "35.0.1"
  resolved "https://registry.yarnpkg.com/@ckeditor/ckeditor5-widget/-/ckeditor5-widget-35.0.1.tgz#353e60462b0a3c31a20bfcb472fec8d286313473"
  integrity sha512-+XhPafSq/bRewa/cLddJGhon2lMsP9XuKsitSOogU0/LlyWNhyjcgUB2xPhGzfw5BO+CY1ptDBpgyw0lSxWOOw==
  dependencies:
    "@ckeditor/ckeditor5-core" "^35.0.1"
    "@ckeditor/ckeditor5-engine" "^35.0.1"
    "@ckeditor/ckeditor5-enter" "^35.0.1"
    "@ckeditor/ckeditor5-typing" "^35.0.1"
    "@ckeditor/ckeditor5-ui" "^35.0.1"
    "@ckeditor/ckeditor5-utils" "^35.0.1"
    lodash-es "^4.17.15"

ckeditor5@^35.0.1:
  version "35.0.1"
  resolved "https://registry.yarnpkg.com/ckeditor5/-/ckeditor5-35.0.1.tgz#0b7a0898deec9bd27148eb0df3b85c07724f1012"
  integrity sha512-bJbD06JJAObH5vnCGQsmWkwgGKZluX0rILaZ47E/TBFLuUgEce0yTsmgGBcQUf0OQZ4IwoXt7vv+Y6zO1Ad86Q==
  dependencies:
    "@ckeditor/ckeditor5-clipboard" "^35.0.1"
    "@ckeditor/ckeditor5-core" "^35.0.1"
    "@ckeditor/ckeditor5-engine" "^35.0.1"
    "@ckeditor/ckeditor5-enter" "^35.0.1"
    "@ckeditor/ckeditor5-paragraph" "^35.0.1"
    "@ckeditor/ckeditor5-select-all" "^35.0.1"
    "@ckeditor/ckeditor5-typing" "^35.0.1"
    "@ckeditor/ckeditor5-ui" "^35.0.1"
    "@ckeditor/ckeditor5-undo" "^35.0.1"
    "@ckeditor/ckeditor5-upload" "^35.0.1"
    "@ckeditor/ckeditor5-utils" "^35.0.1"
    "@ckeditor/ckeditor5-widget" "^35.0.1"

"js-tokens@^3.0.0 || ^4.0.0":
  version "4.0.0"
  resolved "https://registry.yarnpkg.com/js-tokens/-/js-tokens-4.0.0.tgz#19203fb59991df98e3a287050d4647cdeaf32499"
  integrity sha512-RdJUflcE3cUzKiMqQgsCu06FPu9UdIJO0beYbPhHN4k6apgJtifcoCtT9bcxOpYBtpD2kCM6Sbzg4CausW/PKQ==

lodash-es@^4.17.11, lodash-es@^4.17.15:
  version "4.17.21"
  resolved "https://registry.yarnpkg.com/lodash-es/-/lodash-es-4.17.21.tgz#43e626c46e6591b7750beb2b50117390c609e3ee"
  integrity sha512-mKnC+QJ9pWVzv+C4/U3rRsHapFfHvQFoFB92e52xeyGMcX6/OlIl78je1u8vePzYZSkkogMPJ2yjxxsb89cxyw==

loose-envify@^1.4.0:
  version "1.4.0"
  resolved "https://registry.yarnpkg.com/loose-envify/-/loose-envify-1.4.0.tgz#71ee51fa7be4caec1a63839f7e682d8132d30caf"
  integrity sha512-lyuxPGr/Wfhrlem2CL/UcnUc1zcqKAImBDzukY7Y5F/yQiNdko6+fRLevlw1HgMySw7f611UIY408EtxRSoK3Q==
  dependencies:
    js-tokens "^3.0.0 || ^4.0.0"

object-assign@^4.1.1:
  version "4.1.1"
  resolved "https://registry.yarnpkg.com/object-assign/-/object-assign-4.1.1.tgz#2109adc7965887cfc05cbbd442cac8bfbb360863"
  integrity sha512-rJgTQnkUnH1sFw8yT6VSU3zD3sWmu6sZhIseY8VX+GRu3P6F7Fu+JNDoXfklElbLJSnc3FUQHVe4cU5hj+BcUg==

prop-types@^15.7.2:
  version "15.8.1"
  resolved "https://registry.yarnpkg.com/prop-types/-/prop-types-15.8.1.tgz#67d87bf1a694f48435cf332c24af10214a3140b5"
  integrity sha512-oj87CgZICdulUohogVAR7AjlC0327U4el4L6eAvOqCeudMDVU0NThNaV+b9Df4dXgSP1gXMTnPdhfe/2qDH5cg==
  dependencies:
    loose-envify "^1.4.0"
    object-assign "^4.1.1"
    react-is "^16.13.1"

react-is@^16.13.1:
  version "16.13.1"
  resolved "https://registry.yarnpkg.com/react-is/-/react-is-16.13.1.tgz#789729a4dc36de2999dc156dd6c1d9c18cea56a4"
  integrity sha512-24e6ynE2H+OKt4kqsOvNd8kBpV65zoxbA4BVsEOB3ARVWQki/DHzaUoC5KuON/BiccDaCCTZBuOcfZs70kR8bQ==
